{
  "version": 4,
  "terraform_version": "1.9.3",
  "serial": 13,
  "lineage": "940c4ca6-5a46-b3ee-7c82-38dbe8f8ea8c",
  "outputs": {},
  "resources": [
    {
      "module": "module.build_isos",
      "mode": "managed",
      "type": "null_resource",
      "name": "create_boots",
      "provider": "provider[\"registry.terraform.io/hashicorp/null\"]",
      "instances": [
        {
          "schema_version": 0,
          "attributes": {
            "id": "155218875697564510",
            "triggers": null
          },
          "sensitive_attributes": []
        }
      ]
    },
    {
      "module": "module.control_plane_vbox",
      "mode": "managed",
      "type": "virtualbox_vm",
      "name": "node",
      "provider": "provider[\"registry.terraform.io/terra-farm/virtualbox\"]",
      "instances": [
        {
          "index_key": 0,
          "schema_version": 0,
          "attributes": {
            "boot_order": [],
            "checksum": null,
            "checksum_type": null,
            "cpus": 4,
            "id": "3b47515c-3d68-4802-9da2-60fdd83e6a73",
            "image": "../oslib/ubuntu-18.04-virtualbox.box",
            "memory": "16 gib",
            "name": "controlplane1",
            "network_adapter": [
              {
                "device": "IntelPro1000MTServer",
                "host_interface": "vboxnet0",
                "ipv4_address": "192.168.56.10",
                "ipv4_address_available": "yes",
                "mac_address": "080027EAE8D5",
                "status": "up",
                "type": "hostonly"
              },
              {
                "device": "IntelPro1000MTServer",
                "host_interface": "",
                "ipv4_address": "10.0.3.15",
                "ipv4_address_available": "yes",
                "mac_address": "0800277A2362",
                "status": "up",
                "type": "nat"
              }
            ],
            "optical_disks": [
              "../oslib/user_data_control.iso"
            ],
            "status": "running",
            "url": null,
            "user_data": null
          },
          "sensitive_attributes": [],
          "private": "bnVsbA==",
          "dependencies": [
            "module.build_isos.null_resource.create_boots"
          ]
        }
      ]
    },
    {
      "module": "module.kubernetes_boot",
      "mode": "managed",
      "type": "null_resource",
      "name": "control_deploy",
      "provider": "provider[\"registry.terraform.io/hashicorp/null\"]",
      "instances": [
        {
          "schema_version": 0,
          "attributes": {
            "id": "4964119409331202541",
            "triggers": null
          },
          "sensitive_attributes": [],
          "dependencies": [
            "module.build_isos.null_resource.create_boots",
            "module.control_plane_vbox.virtualbox_vm.node",
            "module.worker_vbox.virtualbox_vm.node"
          ]
        }
      ]
    },
    {
      "module": "module.kubernetes_boot",
      "mode": "managed",
      "type": "null_resource",
      "name": "worker_deploy",
      "provider": "provider[\"registry.terraform.io/hashicorp/null\"]",
      "instances": [
        {
          "index_key": "worker1",
          "status": "tainted",
          "schema_version": 0,
          "attributes": {
            "id": "5815980102693810907",
            "triggers": null
          },
          "sensitive_attributes": [],
          "dependencies": [
            "module.build_isos.null_resource.create_boots",
            "module.control_plane_vbox.virtualbox_vm.node",
            "module.kubernetes_boot.null_resource.control_deploy",
            "module.worker_vbox.virtualbox_vm.node"
          ]
        },
        {
          "index_key": "worker2",
          "status": "tainted",
          "schema_version": 0,
          "attributes": {
            "id": "788472125792414166",
            "triggers": null
          },
          "sensitive_attributes": [],
          "dependencies": [
            "module.build_isos.null_resource.create_boots",
            "module.control_plane_vbox.virtualbox_vm.node",
            "module.kubernetes_boot.null_resource.control_deploy",
            "module.worker_vbox.virtualbox_vm.node"
          ]
        }
      ]
    },
    {
      "module": "module.worker_vbox[\"worker1\"]",
      "mode": "managed",
      "type": "virtualbox_vm",
      "name": "node",
      "provider": "provider[\"registry.terraform.io/terra-farm/virtualbox\"]",
      "instances": [
        {
          "index_key": 0,
          "schema_version": 0,
          "attributes": {
            "boot_order": [],
            "checksum": null,
            "checksum_type": null,
            "cpus": 2,
            "id": "9294489a-e544-4bfc-9d29-55c973afdae6",
            "image": "../oslib/ubuntu-18.04-virtualbox.box",
            "memory": "4.0 gib",
            "name": "worker1",
            "network_adapter": [
              {
                "device": "IntelPro1000MTServer",
                "host_interface": "vboxnet0",
                "ipv4_address": "192.168.56.11",
                "ipv4_address_available": "yes",
                "mac_address": "080027B63B90",
                "status": "up",
                "type": "hostonly"
              },
              {
                "device": "IntelPro1000MTServer",
                "host_interface": "",
                "ipv4_address": "10.0.3.15",
                "ipv4_address_available": "yes",
                "mac_address": "080027959798",
                "status": "up",
                "type": "nat"
              }
            ],
            "optical_disks": [
              "../oslib/user_data_worker1.iso"
            ],
            "status": "running",
            "url": null,
            "user_data": null
          },
          "sensitive_attributes": [],
          "private": "bnVsbA==",
          "dependencies": [
            "module.build_isos.null_resource.create_boots",
            "module.control_plane_vbox.virtualbox_vm.node"
          ]
        }
      ]
    },
    {
      "module": "module.worker_vbox[\"worker2\"]",
      "mode": "managed",
      "type": "virtualbox_vm",
      "name": "node",
      "provider": "provider[\"registry.terraform.io/terra-farm/virtualbox\"]",
      "instances": [
        {
          "index_key": 0,
          "schema_version": 0,
          "attributes": {
            "boot_order": [],
            "checksum": null,
            "checksum_type": null,
            "cpus": 2,
            "id": "95660cfa-4ca9-4b90-87d7-403f72d314bf",
            "image": "../oslib/ubuntu-18.04-virtualbox.box",
            "memory": "4.0 gib",
            "name": "worker2",
            "network_adapter": [
              {
                "device": "IntelPro1000MTServer",
                "host_interface": "vboxnet0",
                "ipv4_address": "192.168.56.12",
                "ipv4_address_available": "yes",
                "mac_address": "080027931BF2",
                "status": "up",
                "type": "hostonly"
              },
              {
                "device": "IntelPro1000MTServer",
                "host_interface": "",
                "ipv4_address": "10.0.3.15",
                "ipv4_address_available": "yes",
                "mac_address": "0800277709F9",
                "status": "up",
                "type": "nat"
              }
            ],
            "optical_disks": [
              "../oslib/user_data_worker2.iso"
            ],
            "status": "running",
            "url": null,
            "user_data": null
          },
          "sensitive_attributes": [],
          "private": "bnVsbA==",
          "dependencies": [
            "module.build_isos.null_resource.create_boots",
            "module.control_plane_vbox.virtualbox_vm.node"
          ]
        }
      ]
    }
  ],
  "check_results": null
}
